
Microsoft Visual Studio Solution File, Format Version 12.00
# Visual Studio Version 16
VisualStudioVersion = 16.0.30413.136
MinimumVisualStudioVersion = 10.0.40219.1
Project("{888888A0-9F3D-457C-B088-3A5042F75D52}") = "FirstPythonProject", "FirstPythonProject.pyproj", "{B136B906-6E67-420E-AF97-BD5EF68EE805}"
EndProject
Global
	GlobalSection(SolutionConfigurationPlatforms) = preSolution
		Debug|Any CPU = Debug|Any CPU
		Release|Any CPU = Release|Any CPU
	EndGlobalSection
	GlobalSection(ProjectConfigurationPlatforms) = postSolution
		{B136B906-6E67-420E-AF97-BD5EF68EE805}.Debug|Any CPU.ActiveCfg = Debug|Any CPU
		{B136B906-6E67-420E-AF97-BD5EF68EE805}.Release|Any CPU.ActiveCfg = Release|Any CPU
	EndGlobalSection
	GlobalSection(SolutionProperties) = preSolution
		HideSolutionNode = FALSE
	EndGlobalSection
	GlobalSection(ExtensibilityGlobals) = postSolution
		SolutionGuid = {A6621FE6-69E2-4386-BFDE-37214E111088}
	EndGlobalSection
EndGlobal
